
Microsoft Visual Studio Solution File, Format Version 12.00
# Visual Studio Version 16
VisualStudioVersion = 16.0.31025.194
MinimumVisualStudioVersion = 10.0.40219.1
Project("{FAE04EC0-301F-11D3-BF4B-00C04F79EFBC}") = "InstagramTutorial", "InstagramTutorial\InstagramTutorial.csproj", "{F63EF59C-9E20-499E-BDA0-3FE97FE4E6A9}"
EndProject
Project("{2150E333-8FDC-42A3-9474-1A3956D46DE8}") = "Solution Items", "Solution Items", "{7F151BA9-9429-4626-99B0-128C92C2425D}"
	ProjectSection(SolutionItems) = preProject
		.editorconfig = .editorconfig
	EndProjectSection
EndProject
Global
	GlobalSection(SolutionConfigurationPlatforms) = preSolution
		Debug|Any CPU = Debug|Any CPU
		Release|Any CPU = Release|Any CPU
	EndGlobalSection
	GlobalSection(ProjectConfigurationPlatforms) = postSolution
		{F63EF59C-9E20-499E-BDA0-3FE97FE4E6A9}.Debug|Any CPU.ActiveCfg = Debug|Any CPU
		{F63EF59C-9E20-499E-BDA0-3FE97FE4E6A9}.Debug|Any CPU.Build.0 = Debug|Any CPU
		{F63EF59C-9E20-499E-BDA0-3FE97FE4E6A9}.Release|Any CPU.ActiveCfg = Release|Any CPU
		{F63EF59C-9E20-499E-BDA0-3FE97FE4E6A9}.Release|Any CPU.Build.0 = Release|Any CPU
	EndGlobalSection
	GlobalSection(SolutionProperties) = preSolution
		HideSolutionNode = FALSE
	EndGlobalSection
	GlobalSection(ExtensibilityGlobals) = postSolution
		SolutionGuid = {3C5857D0-D336-4A7A-9990-D78636162B74}
	EndGlobalSection
EndGlobal
